
Microsoft Visual Studio Solution File, Format Version 12.00
# Visual Studio Version 17
VisualStudioVersion = 17.3.32804.467
MinimumVisualStudioVersion = 10.0.40219.1
Project("{FAE04EC0-301F-11D3-BF4B-00C04F79EFBC}") = "Kindergarten", "Kindergarten\Kindergarten.csproj", "{D227D286-B032-4B0A-86D4-EB7F6E7D3404}"
EndProject
Global
	GlobalSection(SolutionConfigurationPlatforms) = preSolution
		Debug|Any CPU = Debug|Any CPU
		Release|Any CPU = Release|Any CPU
	EndGlobalSection
	GlobalSection(ProjectConfigurationPlatforms) = postSolution
		{D227D286-B032-4B0A-86D4-EB7F6E7D3404}.Debug|Any CPU.ActiveCfg = Debug|Any CPU
		{D227D286-B032-4B0A-86D4-EB7F6E7D3404}.Debug|Any CPU.Build.0 = Debug|Any CPU
		{D227D286-B032-4B0A-86D4-EB7F6E7D3404}.Release|Any CPU.ActiveCfg = Release|Any CPU
		{D227D286-B032-4B0A-86D4-EB7F6E7D3404}.Release|Any CPU.Build.0 = Release|Any CPU
	EndGlobalSection
	GlobalSection(SolutionProperties) = preSolution
		HideSolutionNode = FALSE
	EndGlobalSection
	GlobalSection(ExtensibilityGlobals) = postSolution
		SolutionGuid = {BE99757D-E195-469B-BDF4-656B47853A25}
	EndGlobalSection
EndGlobal
